
Microsoft Visual Studio Solution File, Format Version 12.00
# Visual Studio Version 17
VisualStudioVersion = 17.7.34018.315
MinimumVisualStudioVersion = 10.0.40219.1
Project("{FAE04EC0-301F-11D3-BF4B-00C04F79EFBC}") = "ResponsiJunpro", "ResponsiJunpro\ResponsiJunpro.csproj", "{1C9EB530-A966-43F6-AFE8-4CBCD62F164B}"
EndProject
Global
	GlobalSection(SolutionConfigurationPlatforms) = preSolution
		Debug|Any CPU = Debug|Any CPU
		Release|Any CPU = Release|Any CPU
	EndGlobalSection
	GlobalSection(ProjectConfigurationPlatforms) = postSolution
		{1C9EB530-A966-43F6-AFE8-4CBCD62F164B}.Debug|Any CPU.ActiveCfg = Debug|Any CPU
		{1C9EB530-A966-43F6-AFE8-4CBCD62F164B}.Debug|Any CPU.Build.0 = Debug|Any CPU
		{1C9EB530-A966-43F6-AFE8-4CBCD62F164B}.Release|Any CPU.ActiveCfg = Release|Any CPU
		{1C9EB530-A966-43F6-AFE8-4CBCD62F164B}.Release|Any CPU.Build.0 = Release|Any CPU
	EndGlobalSection
	GlobalSection(SolutionProperties) = preSolution
		HideSolutionNode = FALSE
	EndGlobalSection
	GlobalSection(ExtensibilityGlobals) = postSolution
		SolutionGuid = {A4FD621C-E5CC-4382-A8A2-48F4B6B2E63B}
	EndGlobalSection
EndGlobal
